{
  "nodes": {
    "monad-schedule": {
      "inputs": {
        "nixpkgs": [
          "rhine",
          "nixpkgs"
        ]
      },
      "locked": {
        "lastModified": 1731107003,
        "narHash": "sha256-au6hQM8V4lZtYiwYZl88pAr7xNtFit3pQR0AXvUTuyo=",
        "owner": "turion",
        "repo": "monad-schedule",
        "rev": "f6651c56975bd9e126b9d1d5c8eed0a304d38a30",
        "type": "github"
      },
      "original": {
        "owner": "turion",
        "repo": "monad-schedule",
        "type": "github"
      }
    },
    "nix-mkPandoc": {
      "flake": false,
      "locked": {
        "lastModified": 1636045594,
        "narHash": "sha256-sdJaDmdMyRhkJheIrVx60dYyB3pVdNEQ7409v8BCyOI=",
        "owner": "chisui",
        "repo": "nix-mkPandoc",
        "rev": "9f462382efdca2eeb28735176311dbf84a6ffa34",
        "type": "github"
      },
      "original": {
        "owner": "chisui",
        "repo": "nix-mkPandoc",
        "type": "github"
      }
    },
    "nixpkgs": {
      "locked": {
        "lastModified": 1723555265,
        "narHash": "sha256-bnqDQdQMcRFD/Z8uUEkDN5tAcdwmQ0XTw8I/hCrateo=",
        "owner": "NixOS",
        "repo": "nixpkgs",
        "rev": "11555c7701430cc60e7fc48d5fac47fdda2bda00",
        "type": "github"
      },
      "original": {
        "owner": "NixOS",
        "ref": "nixos-unstable-small",
        "repo": "nixpkgs",
        "type": "github"
      }
    },
    "rhine": {
      "inputs": {
        "monad-schedule": "monad-schedule",
        "nixpkgs": [
          "nixpkgs"
        ]
      },
      "locked": {
        "lastModified": 1735506193,
        "narHash": "sha256-/7WNOK4PIVaZbfx8kqlL8XkOlrxjCF0IsE+F/WPA02Q=",
        "owner": "turion",
        "repo": "rhine",
        "rev": "f9224cdd69a3216d3062307ae596099ab4217eeb",
        "type": "github"
      },
      "original": {
        "owner": "turion",
        "repo": "rhine",
        "type": "github"
      }
    },
    "root": {
      "inputs": {
        "nix-mkPandoc": "nix-mkPandoc",
        "nixpkgs": "nixpkgs",
        "rhine": "rhine"
      }
    }
  },
  "root": "root",
  "version": 7
}
