{
  "nodes": {
    "monad-schedule": {
      "inputs": {
        "nixpkgs": [
          "rhine",
          "nixpkgs"
        ]
      },
      "locked": {
        "lastModified": 1731107003,
        "narHash": "sha256-au6hQM8V4lZtYiwYZl88pAr7xNtFit3pQR0AXvUTuyo=",
        "owner": "turion",
        "repo": "monad-schedule",
        "rev": "f6651c56975bd9e126b9d1d5c8eed0a304d38a30",
        "type": "github"
      },
      "original": {
        "owner": "turion",
        "repo": "monad-schedule",
        "type": "github"
      }
    },
    "nix-mkPandoc": {
      "flake": false,
      "locked": {
        "lastModified": 1636045594,
        "narHash": "sha256-sdJaDmdMyRhkJheIrVx60dYyB3pVdNEQ7409v8BCyOI=",
        "owner": "chisui",
        "repo": "nix-mkPandoc",
        "rev": "9f462382efdca2eeb28735176311dbf84a6ffa34",
        "type": "github"
      },
      "original": {
        "owner": "chisui",
        "repo": "nix-mkPandoc",
        "type": "github"
      }
    },
    "nixpkgs": {
      "locked": {
        "lastModified": 1748331301,
        "narHash": "sha256-ctmI5BKx0DZn+oHg0gQfNsQzDc7jlFnSerSCPeah0qs=",
        "owner": "NixOS",
        "repo": "nixpkgs",
        "rev": "b944afb346bd59b6810ea26850fa988ccb7f6f69",
        "type": "github"
      },
      "original": {
        "owner": "NixOS",
        "ref": "nixos-unstable-small",
        "repo": "nixpkgs",
        "type": "github"
      }
    },
    "rhine": {
      "inputs": {
        "monad-schedule": "monad-schedule",
        "nixpkgs": [
          "nixpkgs"
        ]
      },
      "locked": {
        "lastModified": 1747644374,
        "narHash": "sha256-XtY5hpcxJPeW6Im1N1pa0c7l0SHDOxnqDYxbJNe8JyA=",
        "owner": "turion",
        "repo": "rhine",
        "rev": "19b92e6a72c42c12ec0d10c005d713444b9310c8",
        "type": "github"
      },
      "original": {
        "owner": "turion",
        "repo": "rhine",
        "type": "github"
      }
    },
    "root": {
      "inputs": {
        "nix-mkPandoc": "nix-mkPandoc",
        "nixpkgs": "nixpkgs",
        "rhine": "rhine"
      }
    }
  },
  "root": "root",
  "version": 7
}
